// !$*UTF8*$!
{
	archiveVersion = 1;
	classes = {
	};
	objectVersion = 50;
	objects = {

/* Begin PBXBuildFile section */
		0445ADD5215B0E4C0078B6E6 /* PVTArrowStyle.m in Sources */ = {isa = PBXBuildFile; fileRef = 0445ADD4215B0E4C0078B6E6 /* PVTArrowStyle.m */; };
		0448E9A9211923470030C8E4 /* PVTSelectPictureViewController.m in Sources */ = {isa = PBXBuildFile; fileRef = 0448E9A8211923470030C8E4 /* PVTSelectPictureViewController.m */; settings = {COMPILER_FLAGS = "-w"; }; };
		044A111D2123AD9400850DBB /* PVTToolsBaseView.m in Sources */ = {isa = PBXBuildFile; fileRef = 044A111C2123AD9400850DBB /* PVTToolsBaseView.m */; };
		044A117D21240DCA00850DBB /* UIView_extra.m in Sources */ = {isa = PBXBuildFile; fileRef = 044A117B21240DCA00850DBB /* UIView_extra.m */; };
		044A430C215C6F0A00316B3C /* gj_sanjiao_2@2x.svg in Resources */ = {isa = PBXBuildFile; fileRef = 044A4307215C6F0A00316B3C /* gj_sanjiao_2@2x.svg */; };
		044A430D215C6F0A00316B3C /* gj_sanjiao_4@2x.svg in Resources */ = {isa = PBXBuildFile; fileRef = 044A4308215C6F0A00316B3C /* gj_sanjiao_4@2x.svg */; };
		044A4314215C6F4100316B3C /* gj_sanjiao_5@2x.svg in Resources */ = {isa = PBXBuildFile; fileRef = 044A4311215C6F4100316B3C /* gj_sanjiao_5@2x.svg */; };
		044A4315215C6F4100316B3C /* gj_sanjiao_3@2x.svg in Resources */ = {isa = PBXBuildFile; fileRef = 044A4312215C6F4100316B3C /* gj_sanjiao_3@2x.svg */; };
		044A4316215C6F4100316B3C /* gj_sanjiao_1@2x.svg in Resources */ = {isa = PBXBuildFile; fileRef = 044A4313215C6F4100316B3C /* gj_sanjiao_1@2x.svg */; };
		04544D84214746CE008DE38B /* PVTBaseElementView.m in Sources */ = {isa = PBXBuildFile; fileRef = 04544D83214746CE008DE38B /* PVTBaseElementView.m */; };
		045BDCF3215B14EE00C350C4 /* ArrowStyle.plist in Resources */ = {isa = PBXBuildFile; fileRef = 045BDCF2215B14EE00C350C4 /* ArrowStyle.plist */; };
		0460F3A12140BA14005F2105 /* UIColor+WTHexColor.m in Sources */ = {isa = PBXBuildFile; fileRef = 0460F3A02140BA14005F2105 /* UIColor+WTHexColor.m */; };
		0461DDF3212A52CA00B072C0 /* GPUImageBeautifyFilter.m in Sources */ = {isa = PBXBuildFile; fileRef = 0461DDF2212A52CA00B072C0 /* GPUImageBeautifyFilter.m */; };
		046533B82121428F004AB327 /* PVTFilter.m in Sources */ = {isa = PBXBuildFile; fileRef = 046533B72121428F004AB327 /* PVTFilter.m */; };
		0466DF0B213E142E007ACC35 /* PVTEqualSpaceFlowLayout.m in Sources */ = {isa = PBXBuildFile; fileRef = 0466DF0A213E142E007ACC35 /* PVTEqualSpaceFlowLayout.m */; };
		046757C6212F936800D185F2 /* PVTCropViewController.m in Sources */ = {isa = PBXBuildFile; fileRef = 046757C5212F936800D185F2 /* PVTCropViewController.m */; };
		0468B45C213CC4DD002D4979 /* UIImage+PVTRotation.m in Sources */ = {isa = PBXBuildFile; fileRef = 0468B45B213CC4DD002D4979 /* UIImage+PVTRotation.m */; };
		0468B460213D2323002D4979 /* PVTFrameMenuView.m in Sources */ = {isa = PBXBuildFile; fileRef = 0468B45F213D2323002D4979 /* PVTFrameMenuView.m */; };
		0468B463213D2B18002D4979 /* PVTBaseStyle.m in Sources */ = {isa = PBXBuildFile; fileRef = 0468B462213D2B18002D4979 /* PVTBaseStyle.m */; };
		0468B466213D2B3F002D4979 /* PVTFrameStyle.m in Sources */ = {isa = PBXBuildFile; fileRef = 0468B465213D2B3F002D4979 /* PVTFrameStyle.m */; };
		0469320221266A6500C974BE /* PVTFilterMenuView.m in Sources */ = {isa = PBXBuildFile; fileRef = 0469320121266A6500C974BE /* PVTFilterMenuView.m */; };
		046932092126719400C974BE /* UICollectionViewCell+PVTExtra.m in Sources */ = {isa = PBXBuildFile; fileRef = 046932082126719400C974BE /* UICollectionViewCell+PVTExtra.m */; };
		0469320C212678AF00C974BE /* UIImage+PVTFilter.m in Sources */ = {isa = PBXBuildFile; fileRef = 0469320B212678AF00C974BE /* UIImage+PVTFilter.m */; };
		047B91C02117D11300939BAB /* AppDelegate.m in Sources */ = {isa = PBXBuildFile; fileRef = 047B91BF2117D11300939BAB /* AppDelegate.m */; };
		047B91C32117D11300939BAB /* ViewController.m in Sources */ = {isa = PBXBuildFile; fileRef = 047B91C22117D11300939BAB /* ViewController.m */; };
		047B91C62117D11300939BAB /* Main.storyboard in Resources */ = {isa = PBXBuildFile; fileRef = 047B91C42117D11300939BAB /* Main.storyboard */; };
		047B91C82117D11400939BAB /* Assets.xcassets in Resources */ = {isa = PBXBuildFile; fileRef = 047B91C72117D11400939BAB /* Assets.xcassets */; };
		047B91CB2117D11400939BAB /* LaunchScreen.storyboard in Resources */ = {isa = PBXBuildFile; fileRef = 047B91C92117D11400939BAB /* LaunchScreen.storyboard */; };
		047B91CE2117D11400939BAB /* main.m in Sources */ = {isa = PBXBuildFile; fileRef = 047B91CD2117D11400939BAB /* main.m */; };
		047B91D82117D11400939BAB /* Picture_EditorTests.m in Sources */ = {isa = PBXBuildFile; fileRef = 047B91D72117D11400939BAB /* Picture_EditorTests.m */; };
		047B91E32117D11400939BAB /* Picture_EditorUITests.m in Sources */ = {isa = PBXBuildFile; fileRef = 047B91E22117D11400939BAB /* Picture_EditorUITests.m */; };
		04802D8C2159BFC6003CEE74 /* PVTArrowMenuView.m in Sources */ = {isa = PBXBuildFile; fileRef = 04802D8B2159BFC6003CEE74 /* PVTArrowMenuView.m */; };
		04DEFDDE211C124F00C3E24D /* PVTEditorViewController.m in Sources */ = {isa = PBXBuildFile; fileRef = 04DEFDDD211C124F00C3E24D /* PVTEditorViewController.m */; };
		04F504FB214A0440007BB893 /* PVTFrameView.m in Sources */ = {isa = PBXBuildFile; fileRef = 04F504FA214A0440007BB893 /* PVTFrameView.m */; };
		E36C4B2437F699912CB9C5A9 /* libPods-Picture-Editor.a in Frameworks */ = {isa = PBXBuildFile; fileRef = EF52C0FB4AF93927E2B6D8FB /* libPods-Picture-Editor.a */; };
/* End PBXBuildFile section */

/* Begin PBXContainerItemProxy section */
		047B91D42117D11400939BAB /* PBXContainerItemProxy */ = {
			isa = PBXContainerItemProxy;
			containerPortal = 047B91B32117D11300939BAB /* Project object */;
			proxyType = 1;
			remoteGlobalIDString = 047B91BA2117D11300939BAB;
			remoteInfo = "Picture-Editor";
		};
		047B91DF2117D11400939BAB /* PBXContainerItemProxy */ = {
			isa = PBXContainerItemProxy;
			containerPortal = 047B91B32117D11300939BAB /* Project object */;
			proxyType = 1;
			remoteGlobalIDString = 047B91BA2117D11300939BAB;
			remoteInfo = "Picture-Editor";
		};
/* End PBXContainerItemProxy section */

/* Begin PBXFileReference section */
		0445ADD3215B0E4C0078B6E6 /* PVTArrowStyle.h */ = {isa = PBXFileReference; lastKnownFileType = sourcecode.c.h; path = PVTArrowStyle.h; sourceTree = "<group>"; };
		0445ADD4215B0E4C0078B6E6 /* PVTArrowStyle.m */ = {isa = PBXFileReference; lastKnownFileType = sourcecode.c.objc; path = PVTArrowStyle.m; sourceTree = "<group>"; };
		0448E9A7211923470030C8E4 /* PVTSelectPictureViewController.h */ = {isa = PBXFileReference; lastKnownFileType = sourcecode.c.h; path = PVTSelectPictureViewController.h; sourceTree = "<group>"; };
		0448E9A8211923470030C8E4 /* PVTSelectPictureViewController.m */ = {isa = PBXFileReference; lastKnownFileType = sourcecode.c.objc; path = PVTSelectPictureViewController.m; sourceTree = "<group>"; };
		044A111B2123AD9400850DBB /* PVTToolsBaseView.h */ = {isa = PBXFileReference; lastKnownFileType = sourcecode.c.h; path = PVTToolsBaseView.h; sourceTree = "<group>"; };
		044A111C2123AD9400850DBB /* PVTToolsBaseView.m */ = {isa = PBXFileReference; lastKnownFileType = sourcecode.c.objc; path = PVTToolsBaseView.m; sourceTree = "<group>"; };
		044A111E2123B09800850DBB /* PVTEditor.pch */ = {isa = PBXFileReference; lastKnownFileType = sourcecode.c.h; path = PVTEditor.pch; sourceTree = "<group>"; };
		044A117B21240DCA00850DBB /* UIView_extra.m */ = {isa = PBXFileReference; fileEncoding = 4; lastKnownFileType = sourcecode.c.objc; path = UIView_extra.m; sourceTree = "<group>"; };
		044A117C21240DCA00850DBB /* UIView_extra.h */ = {isa = PBXFileReference; fileEncoding = 4; lastKnownFileType = sourcecode.c.h; path = UIView_extra.h; sourceTree = "<group>"; };
		044A4307215C6F0A00316B3C /* gj_sanjiao_2@2x.svg */ = {isa = PBXFileReference; fileEncoding = 4; lastKnownFileType = text.xml; path = "gj_sanjiao_2@2x.svg"; sourceTree = "<group>"; };
		044A4308215C6F0A00316B3C /* gj_sanjiao_4@2x.svg */ = {isa = PBXFileReference; fileEncoding = 4; lastKnownFileType = text.xml; path = "gj_sanjiao_4@2x.svg"; sourceTree = "<group>"; };
		044A4311215C6F4100316B3C /* gj_sanjiao_5@2x.svg */ = {isa = PBXFileReference; fileEncoding = 4; lastKnownFileType = text.xml; path = "gj_sanjiao_5@2x.svg"; sourceTree = "<group>"; };
		044A4312215C6F4100316B3C /* gj_sanjiao_3@2x.svg */ = {isa = PBXFileReference; fileEncoding = 4; lastKnownFileType = text.xml; path = "gj_sanjiao_3@2x.svg"; sourceTree = "<group>"; };
		044A4313215C6F4100316B3C /* gj_sanjiao_1@2x.svg */ = {isa = PBXFileReference; fileEncoding = 4; lastKnownFileType = text.xml; path = "gj_sanjiao_1@2x.svg"; sourceTree = "<group>"; };
		04544D82214746CE008DE38B /* PVTBaseElementView.h */ = {isa = PBXFileReference; lastKnownFileType = sourcecode.c.h; path = PVTBaseElementView.h; sourceTree = "<group>"; };
		04544D83214746CE008DE38B /* PVTBaseElementView.m */ = {isa = PBXFileReference; lastKnownFileType = sourcecode.c.objc; path = PVTBaseElementView.m; sourceTree = "<group>"; };
		045BDCF2215B14EE00C350C4 /* ArrowStyle.plist */ = {isa = PBXFileReference; fileEncoding = 4; lastKnownFileType = text.plist.xml; path = ArrowStyle.plist; sourceTree = "<group>"; };
		0460F39F2140BA13005F2105 /* UIColor+WTHexColor.h */ = {isa = PBXFileReference; fileEncoding = 4; lastKnownFileType = sourcecode.c.h; path = "UIColor+WTHexColor.h"; sourceTree = "<group>"; };
		0460F3A02140BA14005F2105 /* UIColor+WTHexColor.m */ = {isa = PBXFileReference; fileEncoding = 4; lastKnownFileType = sourcecode.c.objc; path = "UIColor+WTHexColor.m"; sourceTree = "<group>"; };
		0461DDF1212A52C900B072C0 /* GPUImageBeautifyFilter.h */ = {isa = PBXFileReference; fileEncoding = 4; lastKnownFileType = sourcecode.c.h; path = GPUImageBeautifyFilter.h; sourceTree = "<group>"; };
		0461DDF2212A52CA00B072C0 /* GPUImageBeautifyFilter.m */ = {isa = PBXFileReference; fileEncoding = 4; lastKnownFileType = sourcecode.c.objc; path = GPUImageBeautifyFilter.m; sourceTree = "<group>"; };
		046533B62121428F004AB327 /* PVTFilter.h */ = {isa = PBXFileReference; lastKnownFileType = sourcecode.c.h; path = PVTFilter.h; sourceTree = "<group>"; };
		046533B72121428F004AB327 /* PVTFilter.m */ = {isa = PBXFileReference; lastKnownFileType = sourcecode.c.objc; path = PVTFilter.m; sourceTree = "<group>"; };
		0466DF09213E142E007ACC35 /* PVTEqualSpaceFlowLayout.h */ = {isa = PBXFileReference; lastKnownFileType = sourcecode.c.h; path = PVTEqualSpaceFlowLayout.h; sourceTree = "<group>"; };
		0466DF0A213E142E007ACC35 /* PVTEqualSpaceFlowLayout.m */ = {isa = PBXFileReference; lastKnownFileType = sourcecode.c.objc; path = PVTEqualSpaceFlowLayout.m; sourceTree = "<group>"; };
		046757C4212F936800D185F2 /* PVTCropViewController.h */ = {isa = PBXFileReference; lastKnownFileType = sourcecode.c.h; path = PVTCropViewController.h; sourceTree = "<group>"; };
		046757C5212F936800D185F2 /* PVTCropViewController.m */ = {isa = PBXFileReference; lastKnownFileType = sourcecode.c.objc; path = PVTCropViewController.m; sourceTree = "<group>"; };
		0468B45A213CC4DD002D4979 /* UIImage+PVTRotation.h */ = {isa = PBXFileReference; lastKnownFileType = sourcecode.c.h; path = "UIImage+PVTRotation.h"; sourceTree = "<group>"; };
		0468B45B213CC4DD002D4979 /* UIImage+PVTRotation.m */ = {isa = PBXFileReference; lastKnownFileType = sourcecode.c.objc; path = "UIImage+PVTRotation.m"; sourceTree = "<group>"; };
		0468B45E213D2323002D4979 /* PVTFrameMenuView.h */ = {isa = PBXFileReference; lastKnownFileType = sourcecode.c.h; path = PVTFrameMenuView.h; sourceTree = "<group>"; };
		0468B45F213D2323002D4979 /* PVTFrameMenuView.m */ = {isa = PBXFileReference; lastKnownFileType = sourcecode.c.objc; path = PVTFrameMenuView.m; sourceTree = "<group>"; };
		0468B461213D2B18002D4979 /* PVTBaseStyle.h */ = {isa = PBXFileReference; lastKnownFileType = sourcecode.c.h; path = PVTBaseStyle.h; sourceTree = "<group>"; };
		0468B462213D2B18002D4979 /* PVTBaseStyle.m */ = {isa = PBXFileReference; lastKnownFileType = sourcecode.c.objc; path = PVTBaseStyle.m; sourceTree = "<group>"; };
		0468B464213D2B3F002D4979 /* PVTFrameStyle.h */ = {isa = PBXFileReference; lastKnownFileType = sourcecode.c.h; path = PVTFrameStyle.h; sourceTree = "<group>"; };
		0468B465213D2B3F002D4979 /* PVTFrameStyle.m */ = {isa = PBXFileReference; lastKnownFileType = sourcecode.c.objc; path = PVTFrameStyle.m; sourceTree = "<group>"; };
		0469320021266A6500C974BE /* PVTFilterMenuView.h */ = {isa = PBXFileReference; lastKnownFileType = sourcecode.c.h; path = PVTFilterMenuView.h; sourceTree = "<group>"; };
		0469320121266A6500C974BE /* PVTFilterMenuView.m */ = {isa = PBXFileReference; lastKnownFileType = sourcecode.c.objc; path = PVTFilterMenuView.m; sourceTree = "<group>"; };
		046932072126719400C974BE /* UICollectionViewCell+PVTExtra.h */ = {isa = PBXFileReference; lastKnownFileType = sourcecode.c.h; path = "UICollectionViewCell+PVTExtra.h"; sourceTree = "<group>"; };
		046932082126719400C974BE /* UICollectionViewCell+PVTExtra.m */ = {isa = PBXFileReference; lastKnownFileType = sourcecode.c.objc; path = "UICollectionViewCell+PVTExtra.m"; sourceTree = "<group>"; };
		0469320A212678AF00C974BE /* UIImage+PVTFilter.h */ = {isa = PBXFileReference; lastKnownFileType = sourcecode.c.h; path = "UIImage+PVTFilter.h"; sourceTree = "<group>"; };
		0469320B212678AF00C974BE /* UIImage+PVTFilter.m */ = {isa = PBXFileReference; lastKnownFileType = sourcecode.c.objc; path = "UIImage+PVTFilter.m"; sourceTree = "<group>"; };
		047B91BB2117D11300939BAB /* Picture-Editor.app */ = {isa = PBXFileReference; explicitFileType = wrapper.application; includeInIndex = 0; path = "Picture-Editor.app"; sourceTree = BUILT_PRODUCTS_DIR; };
		047B91BE2117D11300939BAB /* AppDelegate.h */ = {isa = PBXFileReference; lastKnownFileType = sourcecode.c.h; path = AppDelegate.h; sourceTree = "<group>"; };
		047B91BF2117D11300939BAB /* AppDelegate.m */ = {isa = PBXFileReference; lastKnownFileType = sourcecode.c.objc; path = AppDelegate.m; sourceTree = "<group>"; };
		047B91C12117D11300939BAB /* ViewController.h */ = {isa = PBXFileReference; lastKnownFileType = sourcecode.c.h; path = ViewController.h; sourceTree = "<group>"; };
		047B91C22117D11300939BAB /* ViewController.m */ = {isa = PBXFileReference; lastKnownFileType = sourcecode.c.objc; path = ViewController.m; sourceTree = "<group>"; };
		047B91C52117D11300939BAB /* Base */ = {isa = PBXFileReference; lastKnownFileType = file.storyboard; name = Base; path = Base.lproj/Main.storyboard; sourceTree = "<group>"; };
		047B91C72117D11400939BAB /* Assets.xcassets */ = {isa = PBXFileReference; lastKnownFileType = folder.assetcatalog; path = Assets.xcassets; sourceTree = "<group>"; };
		047B91CA2117D11400939BAB /* Base */ = {isa = PBXFileReference; lastKnownFileType = file.storyboard; name = Base; path = Base.lproj/LaunchScreen.storyboard; sourceTree = "<group>"; };
		047B91CC2117D11400939BAB /* Info.plist */ = {isa = PBXFileReference; lastKnownFileType = text.plist.xml; path = Info.plist; sourceTree = "<group>"; };
		047B91CD2117D11400939BAB /* main.m */ = {isa = PBXFileReference; lastKnownFileType = sourcecode.c.objc; path = main.m; sourceTree = "<group>"; };
		047B91D32117D11400939BAB /* Picture-EditorTests.xctest */ = {isa = PBXFileReference; explicitFileType = wrapper.cfbundle; includeInIndex = 0; path = "Picture-EditorTests.xctest"; sourceTree = BUILT_PRODUCTS_DIR; };
		047B91D72117D11400939BAB /* Picture_EditorTests.m */ = {isa = PBXFileReference; lastKnownFileType = sourcecode.c.objc; path = Picture_EditorTests.m; sourceTree = "<group>"; };
		047B91D92117D11400939BAB /* Info.plist */ = {isa = PBXFileReference; lastKnownFileType = text.plist.xml; path = Info.plist; sourceTree = "<group>"; };
		047B91DE2117D11400939BAB /* Picture-EditorUITests.xctest */ = {isa = PBXFileReference; explicitFileType = wrapper.cfbundle; includeInIndex = 0; path = "Picture-EditorUITests.xctest"; sourceTree = BUILT_PRODUCTS_DIR; };
		047B91E22117D11400939BAB /* Picture_EditorUITests.m */ = {isa = PBXFileReference; lastKnownFileType = sourcecode.c.objc; path = Picture_EditorUITests.m; sourceTree = "<group>"; };
		047B91E42117D11400939BAB /* Info.plist */ = {isa = PBXFileReference; lastKnownFileType = text.plist.xml; path = Info.plist; sourceTree = "<group>"; };
		04802D8A2159BFC6003CEE74 /* PVTArrowMenuView.h */ = {isa = PBXFileReference; lastKnownFileType = sourcecode.c.h; path = PVTArrowMenuView.h; sourceTree = "<group>"; };
		04802D8B2159BFC6003CEE74 /* PVTArrowMenuView.m */ = {isa = PBXFileReference; lastKnownFileType = sourcecode.c.objc; path = PVTArrowMenuView.m; sourceTree = "<group>"; };
		04DEFDDC211C124F00C3E24D /* PVTEditorViewController.h */ = {isa = PBXFileReference; lastKnownFileType = sourcecode.c.h; path = PVTEditorViewController.h; sourceTree = "<group>"; };
		04DEFDDD211C124F00C3E24D /* PVTEditorViewController.m */ = {isa = PBXFileReference; lastKnownFileType = sourcecode.c.objc; path = PVTEditorViewController.m; sourceTree = "<group>"; };
		04F504F9214A0440007BB893 /* PVTFrameView.h */ = {isa = PBXFileReference; lastKnownFileType = sourcecode.c.h; path = PVTFrameView.h; sourceTree = "<group>"; };
		04F504FA214A0440007BB893 /* PVTFrameView.m */ = {isa = PBXFileReference; lastKnownFileType = sourcecode.c.objc; path = PVTFrameView.m; sourceTree = "<group>"; };
		57FF25F79B2BE54ED9814EC9 /* Pods-Picture-Editor.debug.xcconfig */ = {isa = PBXFileReference; includeInIndex = 1; lastKnownFileType = text.xcconfig; name = "Pods-Picture-Editor.debug.xcconfig"; path = "Pods/Target Support Files/Pods-Picture-Editor/Pods-Picture-Editor.debug.xcconfig"; sourceTree = "<group>"; };
		617B203045934E535AFBF31B /* Pods-Picture-Editor.release.xcconfig */ = {isa = PBXFileReference; includeInIndex = 1; lastKnownFileType = text.xcconfig; name = "Pods-Picture-Editor.release.xcconfig"; path = "Pods/Target Support Files/Pods-Picture-Editor/Pods-Picture-Editor.release.xcconfig"; sourceTree = "<group>"; };
		EF52C0FB4AF93927E2B6D8FB /* libPods-Picture-Editor.a */ = {isa = PBXFileReference; explicitFileType = archive.ar; includeInIndex = 0; path = "libPods-Picture-Editor.a"; sourceTree = BUILT_PRODUCTS_DIR; };
/* End PBXFileReference section */

/* Begin PBXFrameworksBuildPhase section */
		047B91B82117D11300939BAB /* Frameworks */ = {
			isa = PBXFrameworksBuildPhase;
			buildActionMask = 2147483647;
			files = (
				E36C4B2437F699912CB9C5A9 /* libPods-Picture-Editor.a in Frameworks */,
			);
			runOnlyForDeploymentPostprocessing = 0;
		};
		047B91D02117D11400939BAB /* Frameworks */ = {
			isa = PBXFrameworksBuildPhase;
			buildActionMask = 2147483647;
			files = (
			);
			runOnlyForDeploymentPostprocessing = 0;
		};
		047B91DB2117D11400939BAB /* Frameworks */ = {
			isa = PBXFrameworksBuildPhase;
			buildActionMask = 2147483647;
			files = (
			);
			runOnlyForDeploymentPostprocessing = 0;
		};
/* End PBXFrameworksBuildPhase section */

/* Begin PBXGroup section */
		0448E9A6211922D00030C8E4 /* 图片选择 */ = {
			isa = PBXGroup;
			children = (
				0448E9A7211923470030C8E4 /* PVTSelectPictureViewController.h */,
				0448E9A8211923470030C8E4 /* PVTSelectPictureViewController.m */,
			);
			path = "图片选择";
			sourceTree = "<group>";
		};
		044A3D5B215C605B00316B3C /* Resources */ = {
			isa = PBXGroup;
			children = (
				044A3D5C215C605B00316B3C /* Svgs */,
			);
			name = Resources;
			path = "Picture-Editor/Resources";
			sourceTree = "<group>";
		};
		044A3D5C215C605B00316B3C /* Svgs */ = {
			isa = PBXGroup;
			children = (
				044A4306215C6EFA00316B3C /* Arrows */,
			);
			path = Svgs;
			sourceTree = "<group>";
		};
		044A4306215C6EFA00316B3C /* Arrows */ = {
			isa = PBXGroup;
			children = (
				044A4313215C6F4100316B3C /* gj_sanjiao_1@2x.svg */,
				044A4312215C6F4100316B3C /* gj_sanjiao_3@2x.svg */,
				044A4311215C6F4100316B3C /* gj_sanjiao_5@2x.svg */,
				044A4307215C6F0A00316B3C /* gj_sanjiao_2@2x.svg */,
				044A4308215C6F0A00316B3C /* gj_sanjiao_4@2x.svg */,
			);
			path = Arrows;
			sourceTree = "<group>";
		};
		04544D812147460F008DE38B /* BaseView */ = {
			isa = PBXGroup;
			children = (
				044A111B2123AD9400850DBB /* PVTToolsBaseView.h */,
				044A111C2123AD9400850DBB /* PVTToolsBaseView.m */,
				0468B461213D2B18002D4979 /* PVTBaseStyle.h */,
				0468B462213D2B18002D4979 /* PVTBaseStyle.m */,
				04544D82214746CE008DE38B /* PVTBaseElementView.h */,
				04544D83214746CE008DE38B /* PVTBaseElementView.m */,
			);
			path = BaseView;
			sourceTree = "<group>";
		};
		046757C3212F8CE300D185F2 /* 裁剪 */ = {
			isa = PBXGroup;
			children = (
				046757C4212F936800D185F2 /* PVTCropViewController.h */,
				046757C5212F936800D185F2 /* PVTCropViewController.m */,
			);
			path = "裁剪";
			sourceTree = "<group>";
		};
		0468B45D213D1FF6002D4979 /* 线框 */ = {
			isa = PBXGroup;
			children = (
				0466DF09213E142E007ACC35 /* PVTEqualSpaceFlowLayout.h */,
				0466DF0A213E142E007ACC35 /* PVTEqualSpaceFlowLayout.m */,
				0468B45E213D2323002D4979 /* PVTFrameMenuView.h */,
				0468B45F213D2323002D4979 /* PVTFrameMenuView.m */,
				0468B464213D2B3F002D4979 /* PVTFrameStyle.h */,
				0468B465213D2B3F002D4979 /* PVTFrameStyle.m */,
				04F504F9214A0440007BB893 /* PVTFrameView.h */,
				04F504FA214A0440007BB893 /* PVTFrameView.m */,
			);
			path = "线框";
			sourceTree = "<group>";
		};
		046931FF21266A3400C974BE /* 滤镜 */ = {
			isa = PBXGroup;
			children = (
				0461DDF1212A52C900B072C0 /* GPUImageBeautifyFilter.h */,
				0461DDF2212A52CA00B072C0 /* GPUImageBeautifyFilter.m */,
				0469320021266A6500C974BE /* PVTFilterMenuView.h */,
				0469320121266A6500C974BE /* PVTFilterMenuView.m */,
			);
			path = "滤镜";
			sourceTree = "<group>";
		};
		046932032126710100C974BE /* Category */ = {
			isa = PBXGroup;
			children = (
				0460F39F2140BA13005F2105 /* UIColor+WTHexColor.h */,
				0460F3A02140BA14005F2105 /* UIColor+WTHexColor.m */,
				044A117C21240DCA00850DBB /* UIView_extra.h */,
				044A117B21240DCA00850DBB /* UIView_extra.m */,
				046932072126719400C974BE /* UICollectionViewCell+PVTExtra.h */,
				046932082126719400C974BE /* UICollectionViewCell+PVTExtra.m */,
				0469320A212678AF00C974BE /* UIImage+PVTFilter.h */,
				0469320B212678AF00C974BE /* UIImage+PVTFilter.m */,
				0468B45A213CC4DD002D4979 /* UIImage+PVTRotation.h */,
				0468B45B213CC4DD002D4979 /* UIImage+PVTRotation.m */,
			);
			name = Category;
			path = "Picture-Editor/Category";
			sourceTree = SOURCE_ROOT;
		};
		047B91B22117D11300939BAB = {
			isa = PBXGroup;
			children = (
				047B91BD2117D11300939BAB /* Picture-Editor */,
				044A3D5B215C605B00316B3C /* Resources */,
				047B91D62117D11400939BAB /* Picture-EditorTests */,
				047B91E12117D11400939BAB /* Picture-EditorUITests */,
				047B91BC2117D11300939BAB /* Products */,
				8134FE1D7801E9E7F23C8B2A /* Pods */,
				F821040ADAD3590F7BA06D97 /* Frameworks */,
			);
			sourceTree = "<group>";
		};
		047B91BC2117D11300939BAB /* Products */ = {
			isa = PBXGroup;
			children = (
				047B91BB2117D11300939BAB /* Picture-Editor.app */,
				047B91D32117D11400939BAB /* Picture-EditorTests.xctest */,
				047B91DE2117D11400939BAB /* Picture-EditorUITests.xctest */,
			);
			name = Products;
			sourceTree = "<group>";
		};
		047B91BD2117D11300939BAB /* Picture-Editor */ = {
			isa = PBXGroup;
			children = (
				046932032126710100C974BE /* Category */,
				04DEFDDB211C122500C3E24D /* 图片编辑 */,
				0448E9A6211922D00030C8E4 /* 图片选择 */,
				047B91BE2117D11300939BAB /* AppDelegate.h */,
				047B91BF2117D11300939BAB /* AppDelegate.m */,
				047B91C12117D11300939BAB /* ViewController.h */,
				047B91C22117D11300939BAB /* ViewController.m */,
				047B91C42117D11300939BAB /* Main.storyboard */,
				047B91C72117D11400939BAB /* Assets.xcassets */,
				047B91C92117D11400939BAB /* LaunchScreen.storyboard */,
				047B91CC2117D11400939BAB /* Info.plist */,
				047B91CD2117D11400939BAB /* main.m */,
				046533B62121428F004AB327 /* PVTFilter.h */,
				046533B72121428F004AB327 /* PVTFilter.m */,
				044A111E2123B09800850DBB /* PVTEditor.pch */,
			);
			path = "Picture-Editor";
			sourceTree = "<group>";
		};
		047B91D62117D11400939BAB /* Picture-EditorTests */ = {
			isa = PBXGroup;
			children = (
				047B91D72117D11400939BAB /* Picture_EditorTests.m */,
				047B91D92117D11400939BAB /* Info.plist */,
			);
			path = "Picture-EditorTests";
			sourceTree = "<group>";
		};
		047B91E12117D11400939BAB /* Picture-EditorUITests */ = {
			isa = PBXGroup;
			children = (
				047B91E22117D11400939BAB /* Picture_EditorUITests.m */,
				047B91E42117D11400939BAB /* Info.plist */,
			);
			path = "Picture-EditorUITests";
			sourceTree = "<group>";
		};
		04802D892159BF81003CEE74 /* 箭头 */ = {
			isa = PBXGroup;
			children = (
				04802D8A2159BFC6003CEE74 /* PVTArrowMenuView.h */,
				04802D8B2159BFC6003CEE74 /* PVTArrowMenuView.m */,
				0445ADD3215B0E4C0078B6E6 /* PVTArrowStyle.h */,
				0445ADD4215B0E4C0078B6E6 /* PVTArrowStyle.m */,
				045BDCF2215B14EE00C350C4 /* ArrowStyle.plist */,
			);
			path = "箭头";
			sourceTree = "<group>";
		};
		04DEFDDB211C122500C3E24D /* 图片编辑 */ = {
			isa = PBXGroup;
			children = (
				04544D812147460F008DE38B /* BaseView */,
				046757C3212F8CE300D185F2 /* 裁剪 */,
				046931FF21266A3400C974BE /* 滤镜 */,
				0468B45D213D1FF6002D4979 /* 线框 */,
				04802D892159BF81003CEE74 /* 箭头 */,
				04DEFDDC211C124F00C3E24D /* PVTEditorViewController.h */,
				04DEFDDD211C124F00C3E24D /* PVTEditorViewController.m */,
			);
			path = "图片编辑";
			sourceTree = "<group>";
		};
		8134FE1D7801E9E7F23C8B2A /* Pods */ = {
			isa = PBXGroup;
			children = (
				57FF25F79B2BE54ED9814EC9 /* Pods-Picture-Editor.debug.xcconfig */,
				617B203045934E535AFBF31B /* Pods-Picture-Editor.release.xcconfig */,
			);
			name = Pods;
			sourceTree = "<group>";
		};
		F821040ADAD3590F7BA06D97 /* Frameworks */ = {
			isa = PBXGroup;
			children = (
				EF52C0FB4AF93927E2B6D8FB /* libPods-Picture-Editor.a */,
			);
			name = Frameworks;
			sourceTree = "<group>";
		};
/* End PBXGroup section */

/* Begin PBXNativeTarget section */
		047B91BA2117D11300939BAB /* Picture-Editor */ = {
			isa = PBXNativeTarget;
			buildConfigurationList = 047B91E72117D11400939BAB /* Build configuration list for PBXNativeTarget "Picture-Editor" */;
			buildPhases = (
				B60C953FF330D6DCFCDA70ED /* [CP] Check Pods Manifest.lock */,
				047B91B72117D11300939BAB /* Sources */,
				047B91B82117D11300939BAB /* Frameworks */,
				047B91B92117D11300939BAB /* Resources */,
				0FE455274C6C846F15F44095 /* [CP] Copy Pods Resources */,
			);
			buildRules = (
			);
			dependencies = (
			);
			name = "Picture-Editor";
			productName = "Picture-Editor";
			productReference = 047B91BB2117D11300939BAB /* Picture-Editor.app */;
			productType = "com.apple.product-type.application";
		};
		047B91D22117D11400939BAB /* Picture-EditorTests */ = {
			isa = PBXNativeTarget;
			buildConfigurationList = 047B91EA2117D11400939BAB /* Build configuration list for PBXNativeTarget "Picture-EditorTests" */;
			buildPhases = (
				047B91CF2117D11400939BAB /* Sources */,
				047B91D02117D11400939BAB /* Frameworks */,
				047B91D12117D11400939BAB /* Resources */,
			);
			buildRules = (
			);
			dependencies = (
				047B91D52117D11400939BAB /* PBXTargetDependency */,
			);
			name = "Picture-EditorTests";
			productName = "Picture-EditorTests";
			productReference = 047B91D32117D11400939BAB /* Picture-EditorTests.xctest */;
			productType = "com.apple.product-type.bundle.unit-test";
		};
		047B91DD2117D11400939BAB /* Picture-EditorUITests */ = {
			isa = PBXNativeTarget;
			buildConfigurationList = 047B91ED2117D11400939BAB /* Build configuration list for PBXNativeTarget "Picture-EditorUITests" */;
			buildPhases = (
				047B91DA2117D11400939BAB /* Sources */,
				047B91DB2117D11400939BAB /* Frameworks */,
				047B91DC2117D11400939BAB /* Resources */,
			);
			buildRules = (
			);
			dependencies = (
				047B91E02117D11400939BAB /* PBXTargetDependency */,
			);
			name = "Picture-EditorUITests";
			productName = "Picture-EditorUITests";
			productReference = 047B91DE2117D11400939BAB /* Picture-EditorUITests.xctest */;
			productType = "com.apple.product-type.bundle.ui-testing";
		};
/* End PBXNativeTarget section */

/* Begin PBXProject section */
		047B91B32117D11300939BAB /* Project object */ = {
			isa = PBXProject;
			attributes = {
				CLASSPREFIX = PVT;
				LastUpgradeCheck = 0940;
				ORGANIZATIONNAME = Mac;
				TargetAttributes = {
					047B91BA2117D11300939BAB = {
						CreatedOnToolsVersion = 9.4.1;
					};
					047B91D22117D11400939BAB = {
						CreatedOnToolsVersion = 9.4.1;
						TestTargetID = 047B91BA2117D11300939BAB;
					};
					047B91DD2117D11400939BAB = {
						CreatedOnToolsVersion = 9.4.1;
						TestTargetID = 047B91BA2117D11300939BAB;
					};
				};
			};
			buildConfigurationList = 047B91B62117D11300939BAB /* Build configuration list for PBXProject "Picture-Editor" */;
			compatibilityVersion = "Xcode 9.3";
			developmentRegion = en;
			hasScannedForEncodings = 0;
			knownRegions = (
				en,
				Base,
				de,
				ar,
				"zh-Hans",
				ja,
				es,
				da,
				it,
				ko,
				"zh-Hant",
				tr,
				pl,
				vi,
				ru,
				fr,
				id,
				nl,
				pt,
			);
			mainGroup = 047B91B22117D11300939BAB;
			productRefGroup = 047B91BC2117D11300939BAB /* Products */;
			projectDirPath = "";
			projectRoot = "";
			targets = (
				047B91BA2117D11300939BAB /* Picture-Editor */,
				047B91D22117D11400939BAB /* Picture-EditorTests */,
				047B91DD2117D11400939BAB /* Picture-EditorUITests */,
			);
		};
/* End PBXProject section */

/* Begin PBXResourcesBuildPhase section */
		047B91B92117D11300939BAB /* Resources */ = {
			isa = PBXResourcesBuildPhase;
			buildActionMask = 2147483647;
			files = (
				047B91CB2117D11400939BAB /* LaunchScreen.storyboard in Resources */,
				044A430C215C6F0A00316B3C /* gj_sanjiao_2@2x.svg in Resources */,
				044A4315215C6F4100316B3C /* gj_sanjiao_3@2x.svg in Resources */,
				047B91C82117D11400939BAB /* Assets.xcassets in Resources */,
				044A4316215C6F4100316B3C /* gj_sanjiao_1@2x.svg in Resources */,
				045BDCF3215B14EE00C350C4 /* ArrowStyle.plist in Resources */,
				044A4314215C6F4100316B3C /* gj_sanjiao_5@2x.svg in Resources */,
				047B91C62117D11300939BAB /* Main.storyboard in Resources */,
				044A430D215C6F0A00316B3C /* gj_sanjiao_4@2x.svg in Resources */,
			);
			runOnlyForDeploymentPostprocessing = 0;
		};
		047B91D12117D11400939BAB /* Resources */ = {
			isa = PBXResourcesBuildPhase;
			buildActionMask = 2147483647;
			files = (
			);
			runOnlyForDeploymentPostprocessing = 0;
		};
		047B91DC2117D11400939BAB /* Resources */ = {
			isa = PBXResourcesBuildPhase;
			buildActionMask = 2147483647;
			files = (
			);
			runOnlyForDeploymentPostprocessing = 0;
		};
/* End PBXResourcesBuildPhase section */

/* Begin PBXShellScriptBuildPhase section */
		0FE455274C6C846F15F44095 /* [CP] Copy Pods Resources */ = {
			isa = PBXShellScriptBuildPhase;
			buildActionMask = 2147483647;
			files = (
			);
			inputPaths = (
				"${SRCROOT}/Pods/Target Support Files/Pods-Picture-Editor/Pods-Picture-Editor-resources.sh",
				"${PODS_ROOT}/GPUImage/framework/Resources/lookup.png",
				"${PODS_ROOT}/GPUImage/framework/Resources/lookup_amatorka.png",
				"${PODS_ROOT}/GPUImage/framework/Resources/lookup_miss_etikate.png",
				"${PODS_ROOT}/GPUImage/framework/Resources/lookup_soft_elegance_1.png",
				"${PODS_ROOT}/GPUImage/framework/Resources/lookup_soft_elegance_2.png",
				"${PODS_ROOT}/SVProgressHUD/SVProgressHUD/SVProgressHUD.bundle",
				"${PODS_CONFIGURATION_BUILD_DIR}/TOCropViewController/TOCropViewControllerBundle.bundle",
			);
			name = "[CP] Copy Pods Resources";
			outputPaths = (
				"${TARGET_BUILD_DIR}/${UNLOCALIZED_RESOURCES_FOLDER_PATH}/lookup.png",
				"${TARGET_BUILD_DIR}/${UNLOCALIZED_RESOURCES_FOLDER_PATH}/lookup_amatorka.png",
				"${TARGET_BUILD_DIR}/${UNLOCALIZED_RESOURCES_FOLDER_PATH}/lookup_miss_etikate.png",
				"${TARGET_BUILD_DIR}/${UNLOCALIZED_RESOURCES_FOLDER_PATH}/lookup_soft_elegance_1.png",
				"${TARGET_BUILD_DIR}/${UNLOCALIZED_RESOURCES_FOLDER_PATH}/lookup_soft_elegance_2.png",
				"${TARGET_BUILD_DIR}/${UNLOCALIZED_RESOURCES_FOLDER_PATH}/SVProgressHUD.bundle",
				"${TARGET_BUILD_DIR}/${UNLOCALIZED_RESOURCES_FOLDER_PATH}/TOCropViewControllerBundle.bundle",
			);
			runOnlyForDeploymentPostprocessing = 0;
			shellPath = /bin/sh;
			shellScript = "\"${SRCROOT}/Pods/Target Support Files/Pods-Picture-Editor/Pods-Picture-Editor-resources.sh\"\n";
			showEnvVarsInLog = 0;
		};
		B60C953FF330D6DCFCDA70ED /* [CP] Check Pods Manifest.lock */ = {
			isa = PBXShellScriptBuildPhase;
			buildActionMask = 2147483647;
			files = (
			);
			inputPaths = (
				"${PODS_PODFILE_DIR_PATH}/Podfile.lock",
				"${PODS_ROOT}/Manifest.lock",
			);
			name = "[CP] Check Pods Manifest.lock";
			outputPaths = (
				"$(DERIVED_FILE_DIR)/Pods-Picture-Editor-checkManifestLockResult.txt",
			);
			runOnlyForDeploymentPostprocessing = 0;
			shellPath = /bin/sh;
			shellScript = "diff \"${PODS_PODFILE_DIR_PATH}/Podfile.lock\" \"${PODS_ROOT}/Manifest.lock\" > /dev/null\nif [ $? != 0 ] ; then\n    # print error to STDERR\n    echo \"error: The sandbox is not in sync with the Podfile.lock. Run 'pod install' or update your CocoaPods installation.\" >&2\n    exit 1\nfi\n# This output is used by Xcode 'outputs' to avoid re-running this script phase.\necho \"SUCCESS\" > \"${SCRIPT_OUTPUT_FILE_0}\"\n";
			showEnvVarsInLog = 0;
		};
/* End PBXShellScriptBuildPhase section */

/* Begin PBXSourcesBuildPhase section */
		047B91B72117D11300939BAB /* Sources */ = {
			isa = PBXSourcesBuildPhase;
			buildActionMask = 2147483647;
			files = (
				046932092126719400C974BE /* UICollectionViewCell+PVTExtra.m in Sources */,
				04F504FB214A0440007BB893 /* PVTFrameView.m in Sources */,
				046533B82121428F004AB327 /* PVTFilter.m in Sources */,
				0448E9A9211923470030C8E4 /* PVTSelectPictureViewController.m in Sources */,
				044A111D2123AD9400850DBB /* PVTToolsBaseView.m in Sources */,
				0466DF0B213E142E007ACC35 /* PVTEqualSpaceFlowLayout.m in Sources */,
				04802D8C2159BFC6003CEE74 /* PVTArrowMenuView.m in Sources */,
				04544D84214746CE008DE38B /* PVTBaseElementView.m in Sources */,
				0445ADD5215B0E4C0078B6E6 /* PVTArrowStyle.m in Sources */,
				0468B45C213CC4DD002D4979 /* UIImage+PVTRotation.m in Sources */,
				0468B466213D2B3F002D4979 /* PVTFrameStyle.m in Sources */,
				047B91C32117D11300939BAB /* ViewController.m in Sources */,
				047B91CE2117D11400939BAB /* main.m in Sources */,
				0469320C212678AF00C974BE /* UIImage+PVTFilter.m in Sources */,
				0460F3A12140BA14005F2105 /* UIColor+WTHexColor.m in Sources */,
				044A117D21240DCA00850DBB /* UIView_extra.m in Sources */,
				04DEFDDE211C124F00C3E24D /* PVTEditorViewController.m in Sources */,
				0461DDF3212A52CA00B072C0 /* GPUImageBeautifyFilter.m in Sources */,
				0468B460213D2323002D4979 /* PVTFrameMenuView.m in Sources */,
				046757C6212F936800D185F2 /* PVTCropViewController.m in Sources */,
				0469320221266A6500C974BE /* PVTFilterMenuView.m in Sources */,
				047B91C02117D11300939BAB /* AppDelegate.m in Sources */,
				0468B463213D2B18002D4979 /* PVTBaseStyle.m in Sources */,
			);
			runOnlyForDeploymentPostprocessing = 0;
		};
		047B91CF2117D11400939BAB /* Sources */ = {
			isa = PBXSourcesBuildPhase;
			buildActionMask = 2147483647;
			files = (
				047B91D82117D11400939BAB /* Picture_EditorTests.m in Sources */,
			);
			runOnlyForDeploymentPostprocessing = 0;
		};
		047B91DA2117D11400939BAB /* Sources */ = {
			isa = PBXSourcesBuildPhase;
			buildActionMask = 2147483647;
			files = (
				047B91E32117D11400939BAB /* Picture_EditorUITests.m in Sources */,
			);
			runOnlyForDeploymentPostprocessing = 0;
		};
/* End PBXSourcesBuildPhase section */

/* Begin PBXTargetDependency section */
		047B91D52117D11400939BAB /* PBXTargetDependency */ = {
			isa = PBXTargetDependency;
			target = 047B91BA2117D11300939BAB /* Picture-Editor */;
			targetProxy = 047B91D42117D11400939BAB /* PBXContainerItemProxy */;
		};
		047B91E02117D11400939BAB /* PBXTargetDependency */ = {
			isa = PBXTargetDependency;
			target = 047B91BA2117D11300939BAB /* Picture-Editor */;
			targetProxy = 047B91DF2117D11400939BAB /* PBXContainerItemProxy */;
		};
/* End PBXTargetDependency section */

/* Begin PBXVariantGroup section */
		047B91C42117D11300939BAB /* Main.storyboard */ = {
			isa = PBXVariantGroup;
			children = (
				047B91C52117D11300939BAB /* Base */,
			);
			name = Main.storyboard;
			sourceTree = "<group>";
		};
		047B91C92117D11400939BAB /* LaunchScreen.storyboard */ = {
			isa = PBXVariantGroup;
			children = (
				047B91CA2117D11400939BAB /* Base */,
			);
			name = LaunchScreen.storyboard;
			sourceTree = "<group>";
		};
/* End PBXVariantGroup section */

/* Begin XCBuildConfiguration section */
		047B91E52117D11400939BAB /* Debug */ = {
			isa = XCBuildConfiguration;
			buildSettings = {
				ALWAYS_SEARCH_USER_PATHS = NO;
				CLANG_ANALYZER_NONNULL = YES;
				CLANG_ANALYZER_NUMBER_OBJECT_CONVERSION = YES_AGGRESSIVE;
				CLANG_CXX_LANGUAGE_STANDARD = "gnu++14";
				CLANG_CXX_LIBRARY = "libc++";
				CLANG_ENABLE_MODULES = YES;
				CLANG_ENABLE_OBJC_ARC = YES;
				CLANG_ENABLE_OBJC_WEAK = YES;
				CLANG_WARN_BLOCK_CAPTURE_AUTORELEASING = YES;
				CLANG_WARN_BOOL_CONVERSION = YES;
				CLANG_WARN_COMMA = YES;
				CLANG_WARN_CONSTANT_CONVERSION = YES;
				CLANG_WARN_DEPRECATED_OBJC_IMPLEMENTATIONS = YES;
				CLANG_WARN_DIRECT_OBJC_ISA_USAGE = YES_ERROR;
				CLANG_WARN_DOCUMENTATION_COMMENTS = YES;
				CLANG_WARN_EMPTY_BODY = YES;
				CLANG_WARN_ENUM_CONVERSION = YES;
				CLANG_WARN_INFINITE_RECURSION = YES;
				CLANG_WARN_INT_CONVERSION = YES;
				CLANG_WARN_NON_LITERAL_NULL_CONVERSION = YES;
				CLANG_WARN_OBJC_IMPLICIT_RETAIN_SELF = YES;
				CLANG_WARN_OBJC_LITERAL_CONVERSION = YES;
				CLANG_WARN_OBJC_ROOT_CLASS = YES_ERROR;
				CLANG_WARN_RANGE_LOOP_ANALYSIS = YES;
				CLANG_WARN_STRICT_PROTOTYPES = YES;
				CLANG_WARN_SUSPICIOUS_MOVE = YES;
				CLANG_WARN_UNGUARDED_AVAILABILITY = YES_AGGRESSIVE;
				CLANG_WARN_UNREACHABLE_CODE = YES;
				CLANG_WARN__DUPLICATE_METHOD_MATCH = YES;
				CODE_SIGN_IDENTITY = "iPhone Developer";
				COPY_PHASE_STRIP = NO;
				DEBUG_INFORMATION_FORMAT = dwarf;
				ENABLE_STRICT_OBJC_MSGSEND = YES;
				ENABLE_TESTABILITY = YES;
				GCC_C_LANGUAGE_STANDARD = gnu11;
				GCC_DYNAMIC_NO_PIC = NO;
				GCC_NO_COMMON_BLOCKS = YES;
				GCC_OPTIMIZATION_LEVEL = 0;
				GCC_PREPROCESSOR_DEFINITIONS = (
					"DEBUG=1",
					"$(inherited)",
				);
				GCC_WARN_64_TO_32_BIT_CONVERSION = YES;
				GCC_WARN_ABOUT_RETURN_TYPE = YES_ERROR;
				GCC_WARN_UNDECLARED_SELECTOR = YES;
				GCC_WARN_UNINITIALIZED_AUTOS = YES_AGGRESSIVE;
				GCC_WARN_UNUSED_FUNCTION = YES;
				GCC_WARN_UNUSED_VARIABLE = YES;
				IPHONEOS_DEPLOYMENT_TARGET = 11.4;
				MTL_ENABLE_DEBUG_INFO = YES;
				ONLY_ACTIVE_ARCH = YES;
				SDKROOT = iphoneos;
			};
			name = Debug;
		};
		047B91E62117D11400939BAB /* Release */ = {
			isa = XCBuildConfiguration;
			buildSettings = {
				ALWAYS_SEARCH_USER_PATHS = NO;
				CLANG_ANALYZER_NONNULL = YES;
				CLANG_ANALYZER_NUMBER_OBJECT_CONVERSION = YES_AGGRESSIVE;
				CLANG_CXX_LANGUAGE_STANDARD = "gnu++14";
				CLANG_CXX_LIBRARY = "libc++";
				CLANG_ENABLE_MODULES = YES;
				CLANG_ENABLE_OBJC_ARC = YES;
				CLANG_ENABLE_OBJC_WEAK = YES;
				CLANG_WARN_BLOCK_CAPTURE_AUTORELEASING = YES;
				CLANG_WARN_BOOL_CONVERSION = YES;
				CLANG_WARN_COMMA = YES;
				CLANG_WARN_CONSTANT_CONVERSION = YES;
				CLANG_WARN_DEPRECATED_OBJC_IMPLEMENTATIONS = YES;
				CLANG_WARN_DIRECT_OBJC_ISA_USAGE = YES_ERROR;
				CLANG_WARN_DOCUMENTATION_COMMENTS = YES;
				CLANG_WARN_EMPTY_BODY = YES;
				CLANG_WARN_ENUM_CONVERSION = YES;
				CLANG_WARN_INFINITE_RECURSION = YES;
				CLANG_WARN_INT_CONVERSION = YES;
				CLANG_WARN_NON_LITERAL_NULL_CONVERSION = YES;
				CLANG_WARN_OBJC_IMPLICIT_RETAIN_SELF = YES;
				CLANG_WARN_OBJC_LITERAL_CONVERSION = YES;
				CLANG_WARN_OBJC_ROOT_CLASS = YES_ERROR;
				CLANG_WARN_RANGE_LOOP_ANALYSIS = YES;
				CLANG_WARN_STRICT_PROTOTYPES = YES;
				CLANG_WARN_SUSPICIOUS_MOVE = YES;
				CLANG_WARN_UNGUARDED_AVAILABILITY = YES_AGGRESSIVE;
				CLANG_WARN_UNREACHABLE_CODE = YES;
				CLANG_WARN__DUPLICATE_METHOD_MATCH = YES;
				CODE_SIGN_IDENTITY = "iPhone Developer";
				COPY_PHASE_STRIP = NO;
				DEBUG_INFORMATION_FORMAT = "dwarf-with-dsym";
				ENABLE_NS_ASSERTIONS = NO;
				ENABLE_STRICT_OBJC_MSGSEND = YES;
				GCC_C_LANGUAGE_STANDARD = gnu11;
				GCC_NO_COMMON_BLOCKS = YES;
				GCC_WARN_64_TO_32_BIT_CONVERSION = YES;
				GCC_WARN_ABOUT_RETURN_TYPE = YES_ERROR;
				GCC_WARN_UNDECLARED_SELECTOR = YES;
				GCC_WARN_UNINITIALIZED_AUTOS = YES_AGGRESSIVE;
				GCC_WARN_UNUSED_FUNCTION = YES;
				GCC_WARN_UNUSED_VARIABLE = YES;
				IPHONEOS_DEPLOYMENT_TARGET = 11.4;
				MTL_ENABLE_DEBUG_INFO = NO;
				SDKROOT = iphoneos;
				VALIDATE_PRODUCT = YES;
			};
			name = Release;
		};
		047B91E82117D11400939BAB /* Debug */ = {
			isa = XCBuildConfiguration;
			baseConfigurationReference = 57FF25F79B2BE54ED9814EC9 /* Pods-Picture-Editor.debug.xcconfig */;
			buildSettings = {
				ASSETCATALOG_COMPILER_APPICON_NAME = AppIcon;
				CODE_SIGN_STYLE = Automatic;
				DEVELOPMENT_TEAM = ECC3GC45A4;
				ENABLE_STRICT_OBJC_MSGSEND = YES;
				FRAMEWORK_SEARCH_PATHS = (
					"$(inherited)",
					"$(PROJECT_DIR)/Picture-Editor/Resources/Svgs/wetool/Mine(我的)/Common(通用)/Lib",
				);
				GCC_PREFIX_HEADER = "Picture-Editor/PVTEditor.pch";
				INFOPLIST_FILE = "Picture-Editor/Info.plist";
				IPHONEOS_DEPLOYMENT_TARGET = 8.0;
				LD_RUNPATH_SEARCH_PATHS = (
					"$(inherited)",
					"@executable_path/Frameworks",
				);
				PRODUCT_BUNDLE_IDENTIFIER = "com.loovee.Picture-Editor";
				PRODUCT_NAME = "$(TARGET_NAME)";
				TARGETED_DEVICE_FAMILY = "1,2";
			};
			name = Debug;
		};
		047B91E92117D11400939BAB /* Release */ = {
			isa = XCBuildConfiguration;
			baseConfigurationReference = 617B203045934E535AFBF31B /* Pods-Picture-Editor.release.xcconfig */;
			buildSettings = {
				ASSETCATALOG_COMPILER_APPICON_NAME = AppIcon;
				CODE_SIGN_STYLE = Automatic;
				DEVELOPMENT_TEAM = ECC3GC45A4;
				ENABLE_STRICT_OBJC_MSGSEND = YES;
				FRAMEWORK_SEARCH_PATHS = (
					"$(inherited)",
					"$(PROJECT_DIR)/Picture-Editor/Resources/Svgs/wetool/Mine(我的)/Common(通用)/Lib",
				);
				GCC_PREFIX_HEADER = "Picture-Editor/PVTEditor.pch";
				INFOPLIST_FILE = "Picture-Editor/Info.plist";
				IPHONEOS_DEPLOYMENT_TARGET = 8.0;
				LD_RUNPATH_SEARCH_PATHS = (
					"$(inherited)",
					"@executable_path/Frameworks",
				);
				PRODUCT_BUNDLE_IDENTIFIER = "com.loovee.Picture-Editor";
				PRODUCT_NAME = "$(TARGET_NAME)";
				TARGETED_DEVICE_FAMILY = "1,2";
			};
			name = Release;
		};
		047B91EB2117D11400939BAB /* Debug */ = {
			isa = XCBuildConfiguration;
			buildSettings = {
				BUNDLE_LOADER = "$(TEST_HOST)";
				CODE_SIGN_STYLE = Automatic;
				INFOPLIST_FILE = "Picture-EditorTests/Info.plist";
				LD_RUNPATH_SEARCH_PATHS = (
					"$(inherited)",
					"@executable_path/Frameworks",
					"@loader_path/Frameworks",
				);
				PRODUCT_BUNDLE_IDENTIFIER = "com.loovee.Picture-EditorTests";
				PRODUCT_NAME = "$(TARGET_NAME)";
				TARGETED_DEVICE_FAMILY = "1,2";
				TEST_HOST = "$(BUILT_PRODUCTS_DIR)/Picture-Editor.app/Picture-Editor";
			};
			name = Debug;
		};
		047B91EC2117D11400939BAB /* Release */ = {
			isa = XCBuildConfiguration;
			buildSettings = {
				BUNDLE_LOADER = "$(TEST_HOST)";
				CODE_SIGN_STYLE = Automatic;
				INFOPLIST_FILE = "Picture-EditorTests/Info.plist";
				LD_RUNPATH_SEARCH_PATHS = (
					"$(inherited)",
					"@executable_path/Frameworks",
					"@loader_path/Frameworks",
				);
				PRODUCT_BUNDLE_IDENTIFIER = "com.loovee.Picture-EditorTests";
				PRODUCT_NAME = "$(TARGET_NAME)";
				TARGETED_DEVICE_FAMILY = "1,2";
				TEST_HOST = "$(BUILT_PRODUCTS_DIR)/Picture-Editor.app/Picture-Editor";
			};
			name = Release;
		};
		047B91EE2117D11400939BAB /* Debug */ = {
			isa = XCBuildConfiguration;
			buildSettings = {
				CODE_SIGN_STYLE = Automatic;
				INFOPLIST_FILE = "Picture-EditorUITests/Info.plist";
				LD_RUNPATH_SEARCH_PATHS = (
					"$(inherited)",
					"@executable_path/Frameworks",
					"@loader_path/Frameworks",
				);
				PRODUCT_BUNDLE_IDENTIFIER = "com.loovee.Picture-EditorUITests";
				PRODUCT_NAME = "$(TARGET_NAME)";
				TARGETED_DEVICE_FAMILY = "1,2";
				TEST_TARGET_NAME = "Picture-Editor";
			};
			name = Debug;
		};
		047B91EF2117D11400939BAB /* Release */ = {
			isa = XCBuildConfiguration;
			buildSettings = {
				CODE_SIGN_STYLE = Automatic;
				INFOPLIST_FILE = "Picture-EditorUITests/Info.plist";
				LD_RUNPATH_SEARCH_PATHS = (
					"$(inherited)",
					"@executable_path/Frameworks",
					"@loader_path/Frameworks",
				);
				PRODUCT_BUNDLE_IDENTIFIER = "com.loovee.Picture-EditorUITests";
				PRODUCT_NAME = "$(TARGET_NAME)";
				TARGETED_DEVICE_FAMILY = "1,2";
				TEST_TARGET_NAME = "Picture-Editor";
			};
			name = Release;
		};
/* End XCBuildConfiguration section */

/* Begin XCConfigurationList section */
		047B91B62117D11300939BAB /* Build configuration list for PBXProject "Picture-Editor" */ = {
			isa = XCConfigurationList;
			buildConfigurations = (
				047B91E52117D11400939BAB /* Debug */,
				047B91E62117D11400939BAB /* Release */,
			);
			defaultConfigurationIsVisible = 0;
			defaultConfigurationName = Release;
		};
		047B91E72117D11400939BAB /* Build configuration list for PBXNativeTarget "Picture-Editor" */ = {
			isa = XCConfigurationList;
			buildConfigurations = (
				047B91E82117D11400939BAB /* Debug */,
				047B91E92117D11400939BAB /* Release */,
			);
			defaultConfigurationIsVisible = 0;
			defaultConfigurationName = Release;
		};
		047B91EA2117D11400939BAB /* Build configuration list for PBXNativeTarget "Picture-EditorTests" */ = {
			isa = XCConfigurationList;
			buildConfigurations = (
				047B91EB2117D11400939BAB /* Debug */,
				047B91EC2117D11400939BAB /* Release */,
			);
			defaultConfigurationIsVisible = 0;
			defaultConfigurationName = Release;
		};
		047B91ED2117D11400939BAB /* Build configuration list for PBXNativeTarget "Picture-EditorUITests" */ = {
			isa = XCConfigurationList;
			buildConfigurations = (
				047B91EE2117D11400939BAB /* Debug */,
				047B91EF2117D11400939BAB /* Release */,
			);
			defaultConfigurationIsVisible = 0;
			defaultConfigurationName = Release;
		};
/* End XCConfigurationList section */
	};
	rootObject = 047B91B32117D11300939BAB /* Project object */;
}
